// !$*UTF8*$!
{
	archiveVersion = 1;
	classes = {
	};
	objectVersion = 55;
	objects = {

/* Begin PBXBuildFile section */
		0008E87E2831664500199EF2 /* Calculator.swift in Sources */ = {isa = PBXBuildFile; fileRef = 0008E87D2831664500199EF2 /* Calculator.swift */; };
		0021F22428324B0C007675B8 /* Stack.swift in Sources */ = {isa = PBXBuildFile; fileRef = 0021F22328324B0C007675B8 /* Stack.swift */; };
		0021F22728324B2C007675B8 /* BST.swift in Sources */ = {isa = PBXBuildFile; fileRef = 0021F22628324B2C007675B8 /* BST.swift */; };
		0021F22928324B4D007675B8 /* Node.swift in Sources */ = {isa = PBXBuildFile; fileRef = 0021F22828324B4D007675B8 /* Node.swift */; };
		0021F22B28324C51007675B8 /* PriorityQueueUnsortedArray.swift in Sources */ = {isa = PBXBuildFile; fileRef = 0021F22A28324C51007675B8 /* PriorityQueueUnsortedArray.swift */; };
		0021F22D28324C59007675B8 /* PriorityQueueSortedArray.swift in Sources */ = {isa = PBXBuildFile; fileRef = 0021F22C28324C59007675B8 /* PriorityQueueSortedArray.swift */; };
		0021F22F28324C9B007675B8 /* PriorityQueue.swift in Sources */ = {isa = PBXBuildFile; fileRef = 0021F22E28324C9B007675B8 /* PriorityQueue.swift */; };
		0021F23228324CFB007675B8 /* PointsOnCircle.swift in Sources */ = {isa = PBXBuildFile; fileRef = 0021F23128324CFB007675B8 /* PointsOnCircle.swift */; };
		0021F23428324D22007675B8 /* Line Intersection.swift in Sources */ = {isa = PBXBuildFile; fileRef = 0021F23328324D22007675B8 /* Line Intersection.swift */; };
		0021F23728324DC8007675B8 /* String+Extension.swift in Sources */ = {isa = PBXBuildFile; fileRef = 0021F23628324DC8007675B8 /* String+Extension.swift */; };
		0021F23A28324EF4007675B8 /* Free Tree to Rooted.swift in Sources */ = {isa = PBXBuildFile; fileRef = 0021F23928324EF4007675B8 /* Free Tree to Rooted.swift */; };
		0021F23C28324F3D007675B8 /* PaintTask.swift in Sources */ = {isa = PBXBuildFile; fileRef = 0021F23B28324F3D007675B8 /* PaintTask.swift */; };
		0021F23E28324FEC007675B8 /* CountSort.swift in Sources */ = {isa = PBXBuildFile; fileRef = 0021F23D28324FEC007675B8 /* CountSort.swift */; };
		0021F24028325000007675B8 /* FindSubstring.swift in Sources */ = {isa = PBXBuildFile; fileRef = 0021F23F28325000007675B8 /* FindSubstring.swift */; };
		007BED75282BD8910022E643 /* MinDiffArray.swift in Sources */ = {isa = PBXBuildFile; fileRef = 007BED74282BD8910022E643 /* MinDiffArray.swift */; };
		007BED77282BDB4E0022E643 /* Pi.swift in Sources */ = {isa = PBXBuildFile; fileRef = 007BED76282BDB4E0022E643 /* Pi.swift */; };
		007DFD332827B74500E0C15C /* main.swift in Sources */ = {isa = PBXBuildFile; fileRef = 007DFD322827B74500E0C15C /* main.swift */; };
		007DFD3A2827BA4500E0C15C /* gcd.swift in Sources */ = {isa = PBXBuildFile; fileRef = 007DFD392827BA4500E0C15C /* gcd.swift */; };
		007DFD3C2827BA6300E0C15C /* Helper.swift in Sources */ = {isa = PBXBuildFile; fileRef = 007DFD3B2827BA6300E0C15C /* Helper.swift */; };
		00818A712827F8E3003F469C /* sqrt.swift in Sources */ = {isa = PBXBuildFile; fileRef = 00818A702827F8E3003F469C /* sqrt.swift */; };
		00818A732827F96E003F469C /* SimpleNumbers.swift in Sources */ = {isa = PBXBuildFile; fileRef = 00818A722827F96E003F469C /* SimpleNumbers.swift */; };
		00818A7528282F16003F469C /* TwoSum.swift in Sources */ = {isa = PBXBuildFile; fileRef = 00818A7428282F16003F469C /* TwoSum.swift */; };
		00818A7728282F2A003F469C /* ThreeSum.swift in Sources */ = {isa = PBXBuildFile; fileRef = 00818A7628282F2A003F469C /* ThreeSum.swift */; };
		008BCEAA282A9722009CF7DB /* PropertyWrappers.swift in Sources */ = {isa = PBXBuildFile; fileRef = 008BCEA9282A9722009CF7DB /* PropertyWrappers.swift */; };
		00D356A228295055006F8CD2 /* ConverterFromDecimal.swift in Sources */ = {isa = PBXBuildFile; fileRef = 00D356A128295055006F8CD2 /* ConverterFromDecimal.swift */; };
		00D356A42829507A006F8CD2 /* QuadraticEquation.swift in Sources */ = {isa = PBXBuildFile; fileRef = 00D356A32829507A006F8CD2 /* QuadraticEquation.swift */; };
		00D356A6282950B5006F8CD2 /* Quickselect.swift in Sources */ = {isa = PBXBuildFile; fileRef = 00D356A5282950B5006F8CD2 /* Quickselect.swift */; };
/* End PBXBuildFile section */

/* Begin PBXCopyFilesBuildPhase section */
		007DFD2D2827B74500E0C15C /* CopyFiles */ = {
			isa = PBXCopyFilesBuildPhase;
			buildActionMask = 2147483647;
			dstPath = /usr/share/man/man1/;
			dstSubfolderSpec = 0;
			files = (
			);
			runOnlyForDeploymentPostprocessing = 1;
		};
/* End PBXCopyFilesBuildPhase section */

/* Begin PBXFileReference section */
		0008E87D2831664500199EF2 /* Calculator.swift */ = {isa = PBXFileReference; lastKnownFileType = sourcecode.swift; path = Calculator.swift; sourceTree = "<group>"; };
		0021F22328324B0C007675B8 /* Stack.swift */ = {isa = PBXFileReference; lastKnownFileType = sourcecode.swift; path = Stack.swift; sourceTree = "<group>"; };
		0021F22628324B2C007675B8 /* BST.swift */ = {isa = PBXFileReference; lastKnownFileType = sourcecode.swift; path = BST.swift; sourceTree = "<group>"; };
		0021F22828324B4D007675B8 /* Node.swift */ = {isa = PBXFileReference; lastKnownFileType = sourcecode.swift; path = Node.swift; sourceTree = "<group>"; };
		0021F22A28324C51007675B8 /* PriorityQueueUnsortedArray.swift */ = {isa = PBXFileReference; lastKnownFileType = sourcecode.swift; path = PriorityQueueUnsortedArray.swift; sourceTree = "<group>"; };
		0021F22C28324C59007675B8 /* PriorityQueueSortedArray.swift */ = {isa = PBXFileReference; lastKnownFileType = sourcecode.swift; path = PriorityQueueSortedArray.swift; sourceTree = "<group>"; };
		0021F22E28324C9B007675B8 /* PriorityQueue.swift */ = {isa = PBXFileReference; lastKnownFileType = sourcecode.swift; path = PriorityQueue.swift; sourceTree = "<group>"; };
		0021F23128324CFB007675B8 /* PointsOnCircle.swift */ = {isa = PBXFileReference; lastKnownFileType = sourcecode.swift; path = PointsOnCircle.swift; sourceTree = "<group>"; };
		0021F23328324D22007675B8 /* Line Intersection.swift */ = {isa = PBXFileReference; lastKnownFileType = sourcecode.swift; path = "Line Intersection.swift"; sourceTree = "<group>"; };
		0021F23628324DC8007675B8 /* String+Extension.swift */ = {isa = PBXFileReference; lastKnownFileType = sourcecode.swift; path = "String+Extension.swift"; sourceTree = "<group>"; };
		0021F23928324EF4007675B8 /* Free Tree to Rooted.swift */ = {isa = PBXFileReference; lastKnownFileType = sourcecode.swift; path = "Free Tree to Rooted.swift"; sourceTree = "<group>"; };
		0021F23B28324F3D007675B8 /* PaintTask.swift */ = {isa = PBXFileReference; lastKnownFileType = sourcecode.swift; path = PaintTask.swift; sourceTree = "<group>"; };
		0021F23D28324FEC007675B8 /* CountSort.swift */ = {isa = PBXFileReference; lastKnownFileType = sourcecode.swift; path = CountSort.swift; sourceTree = "<group>"; };
		0021F23F28325000007675B8 /* FindSubstring.swift */ = {isa = PBXFileReference; lastKnownFileType = sourcecode.swift; path = FindSubstring.swift; sourceTree = "<group>"; };
		007BED74282BD8910022E643 /* MinDiffArray.swift */ = {isa = PBXFileReference; lastKnownFileType = sourcecode.swift; path = MinDiffArray.swift; sourceTree = "<group>"; };
		007BED76282BDB4E0022E643 /* Pi.swift */ = {isa = PBXFileReference; lastKnownFileType = sourcecode.swift; path = Pi.swift; sourceTree = "<group>"; };
		007DFD2F2827B74500E0C15C /* algorithms */ = {isa = PBXFileReference; explicitFileType = "compiled.mach-o.executable"; includeInIndex = 0; path = algorithms; sourceTree = BUILT_PRODUCTS_DIR; };
		007DFD322827B74500E0C15C /* main.swift */ = {isa = PBXFileReference; lastKnownFileType = sourcecode.swift; path = main.swift; sourceTree = "<group>"; };
		007DFD392827BA4500E0C15C /* gcd.swift */ = {isa = PBXFileReference; lastKnownFileType = sourcecode.swift; path = gcd.swift; sourceTree = "<group>"; };
		007DFD3B2827BA6300E0C15C /* Helper.swift */ = {isa = PBXFileReference; lastKnownFileType = sourcecode.swift; path = Helper.swift; sourceTree = "<group>"; };
		00818A702827F8E3003F469C /* sqrt.swift */ = {isa = PBXFileReference; lastKnownFileType = sourcecode.swift; path = sqrt.swift; sourceTree = "<group>"; };
		00818A722827F96E003F469C /* SimpleNumbers.swift */ = {isa = PBXFileReference; lastKnownFileType = sourcecode.swift; path = SimpleNumbers.swift; sourceTree = "<group>"; };
		00818A7428282F16003F469C /* TwoSum.swift */ = {isa = PBXFileReference; lastKnownFileType = sourcecode.swift; path = TwoSum.swift; sourceTree = "<group>"; };
		00818A7628282F2A003F469C /* ThreeSum.swift */ = {isa = PBXFileReference; lastKnownFileType = sourcecode.swift; path = ThreeSum.swift; sourceTree = "<group>"; };
		008BCEA9282A9722009CF7DB /* PropertyWrappers.swift */ = {isa = PBXFileReference; lastKnownFileType = sourcecode.swift; path = PropertyWrappers.swift; sourceTree = "<group>"; };
		00D356A128295055006F8CD2 /* ConverterFromDecimal.swift */ = {isa = PBXFileReference; lastKnownFileType = sourcecode.swift; path = ConverterFromDecimal.swift; sourceTree = "<group>"; };
		00D356A32829507A006F8CD2 /* QuadraticEquation.swift */ = {isa = PBXFileReference; lastKnownFileType = sourcecode.swift; path = QuadraticEquation.swift; sourceTree = "<group>"; };
		00D356A5282950B5006F8CD2 /* Quickselect.swift */ = {isa = PBXFileReference; lastKnownFileType = sourcecode.swift; path = Quickselect.swift; sourceTree = "<group>"; };
/* End PBXFileReference section */

/* Begin PBXFrameworksBuildPhase section */
		007DFD2C2827B74500E0C15C /* Frameworks */ = {
			isa = PBXFrameworksBuildPhase;
			buildActionMask = 2147483647;
			files = (
			);
			runOnlyForDeploymentPostprocessing = 0;
		};
/* End PBXFrameworksBuildPhase section */

/* Begin PBXGroup section */
		0021F22528324B1E007675B8 /* Structures */ = {
			isa = PBXGroup;
			children = (
				0021F22328324B0C007675B8 /* Stack.swift */,
				0021F22628324B2C007675B8 /* BST.swift */,
				0021F22828324B4D007675B8 /* Node.swift */,
				0021F22A28324C51007675B8 /* PriorityQueueUnsortedArray.swift */,
				0021F22C28324C59007675B8 /* PriorityQueueSortedArray.swift */,
				0021F22E28324C9B007675B8 /* PriorityQueue.swift */,
			);
			path = Structures;
			sourceTree = "<group>";
		};
		0021F23028324CE4007675B8 /* Exercises */ = {
			isa = PBXGroup;
			children = (
				007DFD392827BA4500E0C15C /* gcd.swift */,
				007BED76282BDB4E0022E643 /* Pi.swift */,
				007BED74282BD8910022E643 /* MinDiffArray.swift */,
				00D356A128295055006F8CD2 /* ConverterFromDecimal.swift */,
				00818A722827F96E003F469C /* SimpleNumbers.swift */,
				00D356A5282950B5006F8CD2 /* Quickselect.swift */,
				00D356A32829507A006F8CD2 /* QuadraticEquation.swift */,
				0008E87D2831664500199EF2 /* Calculator.swift */,
				0021F23128324CFB007675B8 /* PointsOnCircle.swift */,
				0021F23328324D22007675B8 /* Line Intersection.swift */,
				0021F23928324EF4007675B8 /* Free Tree to Rooted.swift */,
				0021F23B28324F3D007675B8 /* PaintTask.swift */,
				0021F23D28324FEC007675B8 /* CountSort.swift */,
				0021F23F28325000007675B8 /* FindSubstring.swift */,
			);
			path = Exercises;
			sourceTree = "<group>";
		};
		0021F23528324DB6007675B8 /* Util */ = {
			isa = PBXGroup;
			children = (
				00818A702827F8E3003F469C /* sqrt.swift */,
				007DFD3B2827BA6300E0C15C /* Helper.swift */,
				0021F23628324DC8007675B8 /* String+Extension.swift */,
			);
			path = Util;
			sourceTree = "<group>";
		};
		0021F24128325014007675B8 /* LeetCode */ = {
			isa = PBXGroup;
			children = (
				00818A7428282F16003F469C /* TwoSum.swift */,
				00818A7628282F2A003F469C /* ThreeSum.swift */,
			);
			path = LeetCode;
			sourceTree = "<group>";
		};
		007DFD262827B74500E0C15C = {
			isa = PBXGroup;
			children = (
				007DFD312827B74500E0C15C /* algorithms */,
				007DFD302827B74500E0C15C /* Products */,
			);
			sourceTree = "<group>";
		};
		007DFD302827B74500E0C15C /* Products */ = {
			isa = PBXGroup;
			children = (
				007DFD2F2827B74500E0C15C /* algorithms */,
			);
			name = Products;
			sourceTree = "<group>";
		};
		007DFD312827B74500E0C15C /* algorithms */ = {
			isa = PBXGroup;
			children = (
				0021F24128325014007675B8 /* LeetCode */,
				0021F23528324DB6007675B8 /* Util */,
				0021F23028324CE4007675B8 /* Exercises */,
				0021F22528324B1E007675B8 /* Structures */,
				007DFD322827B74500E0C15C /* main.swift */,
				008BCEA9282A9722009CF7DB /* PropertyWrappers.swift */,
			);
			path = algorithms;
			sourceTree = "<group>";
		};
/* End PBXGroup section */

/* Begin PBXNativeTarget section */
		007DFD2E2827B74500E0C15C /* algorithms */ = {
			isa = PBXNativeTarget;
			buildConfigurationList = 007DFD362827B74500E0C15C /* Build configuration list for PBXNativeTarget "algorithms" */;
			buildPhases = (
				007DFD2B2827B74500E0C15C /* Sources */,
				007DFD2C2827B74500E0C15C /* Frameworks */,
				007DFD2D2827B74500E0C15C /* CopyFiles */,
			);
			buildRules = (
			);
			dependencies = (
			);
			name = algorithms;
			productName = algorithms;
			productReference = 007DFD2F2827B74500E0C15C /* algorithms */;
			productType = "com.apple.product-type.tool";
		};
/* End PBXNativeTarget section */

/* Begin PBXProject section */
		007DFD272827B74500E0C15C /* Project object */ = {
			isa = PBXProject;
			attributes = {
				BuildIndependentTargetsInParallel = 1;
				LastSwiftUpdateCheck = 1330;
				LastUpgradeCheck = 1330;
				TargetAttributes = {
					007DFD2E2827B74500E0C15C = {
						CreatedOnToolsVersion = 13.3.1;
					};
				};
			};
			buildConfigurationList = 007DFD2A2827B74500E0C15C /* Build configuration list for PBXProject "algorithms" */;
			compatibilityVersion = "Xcode 13.0";
			developmentRegion = en;
			hasScannedForEncodings = 0;
			knownRegions = (
				en,
				Base,
			);
			mainGroup = 007DFD262827B74500E0C15C;
			productRefGroup = 007DFD302827B74500E0C15C /* Products */;
			projectDirPath = "";
			projectRoot = "";
			targets = (
				007DFD2E2827B74500E0C15C /* algorithms */,
			);
		};
/* End PBXProject section */

/* Begin PBXSourcesBuildPhase section */
		007DFD2B2827B74500E0C15C /* Sources */ = {
			isa = PBXSourcesBuildPhase;
			buildActionMask = 2147483647;
			files = (
				0021F22B28324C51007675B8 /* PriorityQueueUnsortedArray.swift in Sources */,
				00D356A228295055006F8CD2 /* ConverterFromDecimal.swift in Sources */,
				0021F22428324B0C007675B8 /* Stack.swift in Sources */,
				007BED75282BD8910022E643 /* MinDiffArray.swift in Sources */,
				007DFD3A2827BA4500E0C15C /* gcd.swift in Sources */,
				007DFD332827B74500E0C15C /* main.swift in Sources */,
				00818A7528282F16003F469C /* TwoSum.swift in Sources */,
				007BED77282BDB4E0022E643 /* Pi.swift in Sources */,
				007DFD3C2827BA6300E0C15C /* Helper.swift in Sources */,
				00D356A6282950B5006F8CD2 /* Quickselect.swift in Sources */,
				00818A732827F96E003F469C /* SimpleNumbers.swift in Sources */,
				0021F22D28324C59007675B8 /* PriorityQueueSortedArray.swift in Sources */,
				0021F23728324DC8007675B8 /* String+Extension.swift in Sources */,
				0021F22928324B4D007675B8 /* Node.swift in Sources */,
				0008E87E2831664500199EF2 /* Calculator.swift in Sources */,
				0021F23228324CFB007675B8 /* PointsOnCircle.swift in Sources */,
				0021F23428324D22007675B8 /* Line Intersection.swift in Sources */,
				00818A712827F8E3003F469C /* sqrt.swift in Sources */,
				00818A7728282F2A003F469C /* ThreeSum.swift in Sources */,
				0021F22728324B2C007675B8 /* BST.swift in Sources */,
				0021F24028325000007675B8 /* FindSubstring.swift in Sources */,
				0021F23C28324F3D007675B8 /* PaintTask.swift in Sources */,
				0021F23E28324FEC007675B8 /* CountSort.swift in Sources */,
				0021F22F28324C9B007675B8 /* PriorityQueue.swift in Sources */,
				00D356A42829507A006F8CD2 /* QuadraticEquation.swift in Sources */,
				0021F23A28324EF4007675B8 /* Free Tree to Rooted.swift in Sources */,
				008BCEAA282A9722009CF7DB /* PropertyWrappers.swift in Sources */,
			);
			runOnlyForDeploymentPostprocessing = 0;
		};
/* End PBXSourcesBuildPhase section */

/* Begin XCBuildConfiguration section */
		007DFD342827B74500E0C15C /* Debug */ = {
			isa = XCBuildConfiguration;
			buildSettings = {
				ALWAYS_SEARCH_USER_PATHS = NO;
				CLANG_ANALYZER_NONNULL = YES;
				CLANG_ANALYZER_NUMBER_OBJECT_CONVERSION = YES_AGGRESSIVE;
				CLANG_CXX_LANGUAGE_STANDARD = "gnu++17";
				CLANG_ENABLE_MODULES = YES;
				CLANG_ENABLE_OBJC_ARC = YES;
				CLANG_ENABLE_OBJC_WEAK = YES;
				CLANG_WARN_BLOCK_CAPTURE_AUTORELEASING = YES;
				CLANG_WARN_BOOL_CONVERSION = YES;
				CLANG_WARN_COMMA = YES;
				CLANG_WARN_CONSTANT_CONVERSION = YES;
				CLANG_WARN_DEPRECATED_OBJC_IMPLEMENTATIONS = YES;
				CLANG_WARN_DIRECT_OBJC_ISA_USAGE = YES_ERROR;
				CLANG_WARN_DOCUMENTATION_COMMENTS = YES;
				CLANG_WARN_EMPTY_BODY = YES;
				CLANG_WARN_ENUM_CONVERSION = YES;
				CLANG_WARN_INFINITE_RECURSION = YES;
				CLANG_WARN_INT_CONVERSION = YES;
				CLANG_WARN_NON_LITERAL_NULL_CONVERSION = YES;
				CLANG_WARN_OBJC_IMPLICIT_RETAIN_SELF = YES;
				CLANG_WARN_OBJC_LITERAL_CONVERSION = YES;
				CLANG_WARN_OBJC_ROOT_CLASS = YES_ERROR;
				CLANG_WARN_QUOTED_INCLUDE_IN_FRAMEWORK_HEADER = YES;
				CLANG_WARN_RANGE_LOOP_ANALYSIS = YES;
				CLANG_WARN_STRICT_PROTOTYPES = YES;
				CLANG_WARN_SUSPICIOUS_MOVE = YES;
				CLANG_WARN_UNGUARDED_AVAILABILITY = YES_AGGRESSIVE;
				CLANG_WARN_UNREACHABLE_CODE = YES;
				CLANG_WARN__DUPLICATE_METHOD_MATCH = YES;
				COPY_PHASE_STRIP = NO;
				DEBUG_INFORMATION_FORMAT = dwarf;
				ENABLE_STRICT_OBJC_MSGSEND = YES;
				ENABLE_TESTABILITY = YES;
				GCC_C_LANGUAGE_STANDARD = gnu11;
				GCC_DYNAMIC_NO_PIC = NO;
				GCC_NO_COMMON_BLOCKS = YES;
				GCC_OPTIMIZATION_LEVEL = 0;
				GCC_PREPROCESSOR_DEFINITIONS = (
					"DEBUG=1",
					"$(inherited)",
				);
				GCC_WARN_64_TO_32_BIT_CONVERSION = YES;
				GCC_WARN_ABOUT_RETURN_TYPE = YES_ERROR;
				GCC_WARN_UNDECLARED_SELECTOR = YES;
				GCC_WARN_UNINITIALIZED_AUTOS = YES_AGGRESSIVE;
				GCC_WARN_UNUSED_FUNCTION = YES;
				GCC_WARN_UNUSED_VARIABLE = YES;
				MACOSX_DEPLOYMENT_TARGET = 12.0;
				MTL_ENABLE_DEBUG_INFO = INCLUDE_SOURCE;
				MTL_FAST_MATH = YES;
				ONLY_ACTIVE_ARCH = YES;
				SDKROOT = macosx;
				SWIFT_ACTIVE_COMPILATION_CONDITIONS = DEBUG;
				SWIFT_OPTIMIZATION_LEVEL = "-Onone";
			};
			name = Debug;
		};
		007DFD352827B74500E0C15C /* Release */ = {
			isa = XCBuildConfiguration;
			buildSettings = {
				ALWAYS_SEARCH_USER_PATHS = NO;
				CLANG_ANALYZER_NONNULL = YES;
				CLANG_ANALYZER_NUMBER_OBJECT_CONVERSION = YES_AGGRESSIVE;
				CLANG_CXX_LANGUAGE_STANDARD = "gnu++17";
				CLANG_ENABLE_MODULES = YES;
				CLANG_ENABLE_OBJC_ARC = YES;
				CLANG_ENABLE_OBJC_WEAK = YES;
				CLANG_WARN_BLOCK_CAPTURE_AUTORELEASING = YES;
				CLANG_WARN_BOOL_CONVERSION = YES;
				CLANG_WARN_COMMA = YES;
				CLANG_WARN_CONSTANT_CONVERSION = YES;
				CLANG_WARN_DEPRECATED_OBJC_IMPLEMENTATIONS = YES;
				CLANG_WARN_DIRECT_OBJC_ISA_USAGE = YES_ERROR;
				CLANG_WARN_DOCUMENTATION_COMMENTS = YES;
				CLANG_WARN_EMPTY_BODY = YES;
				CLANG_WARN_ENUM_CONVERSION = YES;
				CLANG_WARN_INFINITE_RECURSION = YES;
				CLANG_WARN_INT_CONVERSION = YES;
				CLANG_WARN_NON_LITERAL_NULL_CONVERSION = YES;
				CLANG_WARN_OBJC_IMPLICIT_RETAIN_SELF = YES;
				CLANG_WARN_OBJC_LITERAL_CONVERSION = YES;
				CLANG_WARN_OBJC_ROOT_CLASS = YES_ERROR;
				CLANG_WARN_QUOTED_INCLUDE_IN_FRAMEWORK_HEADER = YES;
				CLANG_WARN_RANGE_LOOP_ANALYSIS = YES;
				CLANG_WARN_STRICT_PROTOTYPES = YES;
				CLANG_WARN_SUSPICIOUS_MOVE = YES;
				CLANG_WARN_UNGUARDED_AVAILABILITY = YES_AGGRESSIVE;
				CLANG_WARN_UNREACHABLE_CODE = YES;
				CLANG_WARN__DUPLICATE_METHOD_MATCH = YES;
				COPY_PHASE_STRIP = NO;
				DEBUG_INFORMATION_FORMAT = "dwarf-with-dsym";
				ENABLE_NS_ASSERTIONS = NO;
				ENABLE_STRICT_OBJC_MSGSEND = YES;
				GCC_C_LANGUAGE_STANDARD = gnu11;
				GCC_NO_COMMON_BLOCKS = YES;
				GCC_WARN_64_TO_32_BIT_CONVERSION = YES;
				GCC_WARN_ABOUT_RETURN_TYPE = YES_ERROR;
				GCC_WARN_UNDECLARED_SELECTOR = YES;
				GCC_WARN_UNINITIALIZED_AUTOS = YES_AGGRESSIVE;
				GCC_WARN_UNUSED_FUNCTION = YES;
				GCC_WARN_UNUSED_VARIABLE = YES;
				MACOSX_DEPLOYMENT_TARGET = 12.0;
				MTL_ENABLE_DEBUG_INFO = NO;
				MTL_FAST_MATH = YES;
				SDKROOT = macosx;
				SWIFT_COMPILATION_MODE = wholemodule;
				SWIFT_OPTIMIZATION_LEVEL = "-O";
			};
			name = Release;
		};
		007DFD372827B74500E0C15C /* Debug */ = {
			isa = XCBuildConfiguration;
			buildSettings = {
				CODE_SIGN_STYLE = Automatic;
				DEVELOPMENT_TEAM = KVD8C88G69;
				ENABLE_HARDENED_RUNTIME = YES;
				MACOSX_DEPLOYMENT_TARGET = 12.0;
				PRODUCT_NAME = "$(TARGET_NAME)";
				SWIFT_VERSION = 5.0;
			};
			name = Debug;
		};
		007DFD382827B74500E0C15C /* Release */ = {
			isa = XCBuildConfiguration;
			buildSettings = {
				CODE_SIGN_STYLE = Automatic;
				DEVELOPMENT_TEAM = KVD8C88G69;
				ENABLE_HARDENED_RUNTIME = YES;
				MACOSX_DEPLOYMENT_TARGET = 12.0;
				PRODUCT_NAME = "$(TARGET_NAME)";
				SWIFT_VERSION = 5.0;
			};
			name = Release;
		};
/* End XCBuildConfiguration section */

/* Begin XCConfigurationList section */
		007DFD2A2827B74500E0C15C /* Build configuration list for PBXProject "algorithms" */ = {
			isa = XCConfigurationList;
			buildConfigurations = (
				007DFD342827B74500E0C15C /* Debug */,
				007DFD352827B74500E0C15C /* Release */,
			);
			defaultConfigurationIsVisible = 0;
			defaultConfigurationName = Release;
		};
		007DFD362827B74500E0C15C /* Build configuration list for PBXNativeTarget "algorithms" */ = {
			isa = XCConfigurationList;
			buildConfigurations = (
				007DFD372827B74500E0C15C /* Debug */,
				007DFD382827B74500E0C15C /* Release */,
			);
			defaultConfigurationIsVisible = 0;
			defaultConfigurationName = Release;
		};
/* End XCConfigurationList section */
	};
	rootObject = 007DFD272827B74500E0C15C /* Project object */;
}
